
Microsoft Visual Studio Solution File, Format Version 12.00
# Visual Studio Version 17
VisualStudioVersion = 17.0.32014.148
MinimumVisualStudioVersion = 10.0.40219.1
Project("{9A19103F-16F7-4668-BE54-9A1E7A4F7556}") = "Entra21.ExemplosWhile", "Entra21.ExemplosWhile\Entra21.ExemplosWhile.csproj", "{AB6B5DD8-4604-4EF9-AA38-A84E3956BA76}"
EndProject
Project("{9A19103F-16F7-4668-BE54-9A1E7A4F7556}") = "Entra21.ExerciciosWhile", "Entra21.ExerciciosWhile\Entra21.ExerciciosWhile.csproj", "{C78867F4-EDE5-44D0-B4E8-72ECCD6184FE}"
EndProject
Project("{9A19103F-16F7-4668-BE54-9A1E7A4F7556}") = "Entra21.ExemplosOrientacaoObjetos", "Entra21.ExemplosOrientacaoObjetos\Entra21.ExemplosOrientacaoObjetos.csproj", "{757E865E-0FA8-4E5F-A901-D56135B9CCDD}"
EndProject
Project("{9A19103F-16F7-4668-BE54-9A1E7A4F7556}") = "Entra21.ExerciciosVetorWhileFor", "Entra21.ExerciciosVetorWhile\Entra21.ExerciciosVetorWhileFor.csproj", "{9820F354-C551-4C0B-8419-0AA14D49C0F3}"
EndProject
Project("{9A19103F-16F7-4668-BE54-9A1E7A4F7556}") = "Entra21.ExerciciosOrientacaoObjetos", "ExerciciosOrientacaoObjetos\Entra21.ExerciciosOrientacaoObjetos.csproj", "{28A8FE0D-67FE-41C1-A58D-83D34442698A}"
EndProject
Project("{9A19103F-16F7-4668-BE54-9A1E7A4F7556}") = "Entra21.ExerciciosOrientacaoObjetosTestes", "Entra21.ExerciciosOrientacaoObjetosTestes\Entra21.ExerciciosOrientacaoObjetosTestes.csproj", "{EE1C9022-3D29-4B8C-A6B5-0190193C10EF}"
EndProject
Project("{9A19103F-16F7-4668-BE54-9A1E7A4F7556}") = "Entra21.ExercicioLista", "Entra21.ExercicioLista\Entra21.ExercicioLista.csproj", "{36111415-542F-45D1-AECA-B333354EB8B3}"
EndProject
Project("{9A19103F-16F7-4668-BE54-9A1E7A4F7556}") = "Entra21.ExemploListas", "Entra21.ExemploListas\Entra21.ExemploListas.csproj", "{112DF225-76CB-4B68-9CA7-1ED418BD1188}"
EndProject
Project("{9A19103F-16F7-4668-BE54-9A1E7A4F7556}") = "Entra21.ExercicioListaObjetos", "Entra21.ExercicioListaObjetos\Entra21.ExercicioListaObjetos.csproj", "{50116719-38FF-48E0-9D1E-2B03D4D0A664}"
EndProject
Project("{FAE04EC0-301F-11D3-BF4B-00C04F79EFBC}") = "Entra21.ExemplosWindowsForm1", "Entra21.ExemplosWindowsForm1\Entra21.ExemplosWindowsForm1.csproj", "{02E83A83-06C0-4CB7-AFE1-4FA30711F8B8}"
EndProject
Global
	GlobalSection(SolutionConfigurationPlatforms) = preSolution
		Debug|Any CPU = Debug|Any CPU
		Release|Any CPU = Release|Any CPU
	EndGlobalSection
	GlobalSection(ProjectConfigurationPlatforms) = postSolution
		{AB6B5DD8-4604-4EF9-AA38-A84E3956BA76}.Debug|Any CPU.ActiveCfg = Debug|Any CPU
		{AB6B5DD8-4604-4EF9-AA38-A84E3956BA76}.Debug|Any CPU.Build.0 = Debug|Any CPU
		{AB6B5DD8-4604-4EF9-AA38-A84E3956BA76}.Release|Any CPU.ActiveCfg = Release|Any CPU
		{AB6B5DD8-4604-4EF9-AA38-A84E3956BA76}.Release|Any CPU.Build.0 = Release|Any CPU
		{C78867F4-EDE5-44D0-B4E8-72ECCD6184FE}.Debug|Any CPU.ActiveCfg = Debug|Any CPU
		{C78867F4-EDE5-44D0-B4E8-72ECCD6184FE}.Debug|Any CPU.Build.0 = Debug|Any CPU
		{C78867F4-EDE5-44D0-B4E8-72ECCD6184FE}.Release|Any CPU.ActiveCfg = Release|Any CPU
		{C78867F4-EDE5-44D0-B4E8-72ECCD6184FE}.Release|Any CPU.Build.0 = Release|Any CPU
		{757E865E-0FA8-4E5F-A901-D56135B9CCDD}.Debug|Any CPU.ActiveCfg = Debug|Any CPU
		{757E865E-0FA8-4E5F-A901-D56135B9CCDD}.Debug|Any CPU.Build.0 = Debug|Any CPU
		{757E865E-0FA8-4E5F-A901-D56135B9CCDD}.Release|Any CPU.ActiveCfg = Release|Any CPU
		{757E865E-0FA8-4E5F-A901-D56135B9CCDD}.Release|Any CPU.Build.0 = Release|Any CPU
		{9820F354-C551-4C0B-8419-0AA14D49C0F3}.Debug|Any CPU.ActiveCfg = Debug|Any CPU
		{9820F354-C551-4C0B-8419-0AA14D49C0F3}.Debug|Any CPU.Build.0 = Debug|Any CPU
		{9820F354-C551-4C0B-8419-0AA14D49C0F3}.Release|Any CPU.ActiveCfg = Release|Any CPU
		{9820F354-C551-4C0B-8419-0AA14D49C0F3}.Release|Any CPU.Build.0 = Release|Any CPU
		{28A8FE0D-67FE-41C1-A58D-83D34442698A}.Debug|Any CPU.ActiveCfg = Debug|Any CPU
		{28A8FE0D-67FE-41C1-A58D-83D34442698A}.Debug|Any CPU.Build.0 = Debug|Any CPU
		{28A8FE0D-67FE-41C1-A58D-83D34442698A}.Release|Any CPU.ActiveCfg = Release|Any CPU
		{28A8FE0D-67FE-41C1-A58D-83D34442698A}.Release|Any CPU.Build.0 = Release|Any CPU
		{EE1C9022-3D29-4B8C-A6B5-0190193C10EF}.Debug|Any CPU.ActiveCfg = Debug|Any CPU
		{EE1C9022-3D29-4B8C-A6B5-0190193C10EF}.Debug|Any CPU.Build.0 = Debug|Any CPU
		{EE1C9022-3D29-4B8C-A6B5-0190193C10EF}.Release|Any CPU.ActiveCfg = Release|Any CPU
		{EE1C9022-3D29-4B8C-A6B5-0190193C10EF}.Release|Any CPU.Build.0 = Release|Any CPU
		{36111415-542F-45D1-AECA-B333354EB8B3}.Debug|Any CPU.ActiveCfg = Debug|Any CPU
		{36111415-542F-45D1-AECA-B333354EB8B3}.Debug|Any CPU.Build.0 = Debug|Any CPU
		{36111415-542F-45D1-AECA-B333354EB8B3}.Release|Any CPU.ActiveCfg = Release|Any CPU
		{36111415-542F-45D1-AECA-B333354EB8B3}.Release|Any CPU.Build.0 = Release|Any CPU
		{112DF225-76CB-4B68-9CA7-1ED418BD1188}.Debug|Any CPU.ActiveCfg = Debug|Any CPU
		{112DF225-76CB-4B68-9CA7-1ED418BD1188}.Debug|Any CPU.Build.0 = Debug|Any CPU
		{112DF225-76CB-4B68-9CA7-1ED418BD1188}.Release|Any CPU.ActiveCfg = Release|Any CPU
		{112DF225-76CB-4B68-9CA7-1ED418BD1188}.Release|Any CPU.Build.0 = Release|Any CPU
		{50116719-38FF-48E0-9D1E-2B03D4D0A664}.Debug|Any CPU.ActiveCfg = Debug|Any CPU
		{50116719-38FF-48E0-9D1E-2B03D4D0A664}.Debug|Any CPU.Build.0 = Debug|Any CPU
		{50116719-38FF-48E0-9D1E-2B03D4D0A664}.Release|Any CPU.ActiveCfg = Release|Any CPU
		{50116719-38FF-48E0-9D1E-2B03D4D0A664}.Release|Any CPU.Build.0 = Release|Any CPU
		{02E83A83-06C0-4CB7-AFE1-4FA30711F8B8}.Debug|Any CPU.ActiveCfg = Debug|Any CPU
		{02E83A83-06C0-4CB7-AFE1-4FA30711F8B8}.Debug|Any CPU.Build.0 = Debug|Any CPU
		{02E83A83-06C0-4CB7-AFE1-4FA30711F8B8}.Release|Any CPU.ActiveCfg = Release|Any CPU
		{02E83A83-06C0-4CB7-AFE1-4FA30711F8B8}.Release|Any CPU.Build.0 = Release|Any CPU
	EndGlobalSection
	GlobalSection(SolutionProperties) = preSolution
		HideSolutionNode = FALSE
	EndGlobalSection
	GlobalSection(ExtensibilityGlobals) = postSolution
		SolutionGuid = {66D0DAE8-6A30-4ECE-AD5B-40E8532B88BD}
	EndGlobalSection
EndGlobal
