
Microsoft Visual Studio Solution File, Format Version 12.00
# Visual Studio Version 17
VisualStudioVersion = 17.0.32014.148
MinimumVisualStudioVersion = 10.0.40219.1
Project("{9A19103F-16F7-4668-BE54-9A1E7A4F7556}") = "Entra21.ExemplosWhile", "Entra21.ExemplosWhile\Entra21.ExemplosWhile.csproj", "{AB6B5DD8-4604-4EF9-AA38-A84E3956BA76}"
EndProject
Project("{9A19103F-16F7-4668-BE54-9A1E7A4F7556}") = "Entra21.ExerciciosWhile", "Entra21.ExerciciosWhile\Entra21.ExerciciosWhile.csproj", "{C78867F4-EDE5-44D0-B4E8-72ECCD6184FE}"
EndProject
Project("{9A19103F-16F7-4668-BE54-9A1E7A4F7556}") = "Entra21.ExerciciosFor", "Entra21.ExerciciosFor\Entra21.ExerciciosFor.csproj", "{8AA1E490-9F75-436C-B53D-D2C8EADF6B0E}"
EndProject
Project("{9A19103F-16F7-4668-BE54-9A1E7A4F7556}") = "Entra21.ExerciciosVetorWhileFor", "Entra21.ExerciciosVetorWhile\Entra21.ExerciciosVetorWhileFor.csproj", "{BB173207-2B26-4AC8-ACAA-5D858979370B}"
EndProject
Global
	GlobalSection(SolutionConfigurationPlatforms) = preSolution
		Debug|Any CPU = Debug|Any CPU
		Release|Any CPU = Release|Any CPU
	EndGlobalSection
	GlobalSection(ProjectConfigurationPlatforms) = postSolution
		{AB6B5DD8-4604-4EF9-AA38-A84E3956BA76}.Debug|Any CPU.ActiveCfg = Debug|Any CPU
		{AB6B5DD8-4604-4EF9-AA38-A84E3956BA76}.Debug|Any CPU.Build.0 = Debug|Any CPU
		{AB6B5DD8-4604-4EF9-AA38-A84E3956BA76}.Release|Any CPU.ActiveCfg = Release|Any CPU
		{AB6B5DD8-4604-4EF9-AA38-A84E3956BA76}.Release|Any CPU.Build.0 = Release|Any CPU
		{C78867F4-EDE5-44D0-B4E8-72ECCD6184FE}.Debug|Any CPU.ActiveCfg = Debug|Any CPU
		{C78867F4-EDE5-44D0-B4E8-72ECCD6184FE}.Debug|Any CPU.Build.0 = Debug|Any CPU
		{C78867F4-EDE5-44D0-B4E8-72ECCD6184FE}.Release|Any CPU.ActiveCfg = Release|Any CPU
		{C78867F4-EDE5-44D0-B4E8-72ECCD6184FE}.Release|Any CPU.Build.0 = Release|Any CPU
		{8AA1E490-9F75-436C-B53D-D2C8EADF6B0E}.Debug|Any CPU.ActiveCfg = Debug|Any CPU
		{8AA1E490-9F75-436C-B53D-D2C8EADF6B0E}.Debug|Any CPU.Build.0 = Debug|Any CPU
		{8AA1E490-9F75-436C-B53D-D2C8EADF6B0E}.Release|Any CPU.ActiveCfg = Release|Any CPU
		{8AA1E490-9F75-436C-B53D-D2C8EADF6B0E}.Release|Any CPU.Build.0 = Release|Any CPU
		{BB173207-2B26-4AC8-ACAA-5D858979370B}.Debug|Any CPU.ActiveCfg = Debug|Any CPU
		{BB173207-2B26-4AC8-ACAA-5D858979370B}.Debug|Any CPU.Build.0 = Debug|Any CPU
		{BB173207-2B26-4AC8-ACAA-5D858979370B}.Release|Any CPU.ActiveCfg = Release|Any CPU
		{BB173207-2B26-4AC8-ACAA-5D858979370B}.Release|Any CPU.Build.0 = Release|Any CPU
	EndGlobalSection
	GlobalSection(SolutionProperties) = preSolution
		HideSolutionNode = FALSE
	EndGlobalSection
	GlobalSection(ExtensibilityGlobals) = postSolution
		SolutionGuid = {66D0DAE8-6A30-4ECE-AD5B-40E8532B88BD}
	EndGlobalSection
EndGlobal
